// !$*UTF8*$!
{
	archiveVersion = 1;
	classes = {
	};
	objectVersion = 46;
	objects = {

/* Begin PBXBuildFile section */
		1666728E1D23B083005431BF /* MyVerticalLable.m in Sources */ = {isa = PBXBuildFile; fileRef = 1666728D1D23B083005431BF /* MyVerticalLable.m */; };
		1666729D1D23CB17005431BF /* NetworkService+Books.m in Sources */ = {isa = PBXBuildFile; fileRef = 166672931D23CB17005431BF /* NetworkService+Books.m */; };
		166672A01D23CB17005431BF /* NetworkService.m in Sources */ = {isa = PBXBuildFile; fileRef = 166672991D23CB17005431BF /* NetworkService.m */; };
		166672A11D23CB17005431BF /* NetWorkServiceOfDownload.m in Sources */ = {isa = PBXBuildFile; fileRef = 1666729B1D23CB17005431BF /* NetWorkServiceOfDownload.m */; };
		166672E91D24F9C6005431BF /* QuartzCore.framework in Frameworks */ = {isa = PBXBuildFile; fileRef = 166672E81D24F9C6005431BF /* QuartzCore.framework */; };
		166EC48D1D20C45700F7F31A /* FlippednseSDK.h in CopyFiles */ = {isa = PBXBuildFile; fileRef = 166EC48C1D20C45700F7F31A /* FlippednseSDK.h */; };
		166EC48F1D20C45700F7F31A /* FlippednseSDK.m in Sources */ = {isa = PBXBuildFile; fileRef = 166EC48E1D20C45700F7F31A /* FlippednseSDK.m */; };
		166EC49C1D21076500F7F31A /* ConfigGlobal.m in Sources */ = {isa = PBXBuildFile; fileRef = 166EC4971D21076500F7F31A /* ConfigGlobal.m */; };
		166EC4A91D21078300F7F31A /* DatabaseManager.m in Sources */ = {isa = PBXBuildFile; fileRef = 166EC4A01D21078300F7F31A /* DatabaseManager.m */; };
		166EC4AA1D21078300F7F31A /* DBInit.m in Sources */ = {isa = PBXBuildFile; fileRef = 166EC4A21D21078300F7F31A /* DBInit.m */; };
		166EC4AB1D21078300F7F31A /* Model.m in Sources */ = {isa = PBXBuildFile; fileRef = 166EC4A41D21078300F7F31A /* Model.m */; };
		166EC4AC1D21078300F7F31A /* ModelClassProperty.m in Sources */ = {isa = PBXBuildFile; fileRef = 166EC4A61D21078300F7F31A /* ModelClassProperty.m */; };
		166EC4AD1D21078300F7F31A /* ModelMetadate.m in Sources */ = {isa = PBXBuildFile; fileRef = 166EC4A81D21078300F7F31A /* ModelMetadate.m */; };
		166EC4DA1D2107B200F7F31A /* BookStudyController.m in Sources */ = {isa = PBXBuildFile; fileRef = 166EC4B31D2107B200F7F31A /* BookStudyController.m */; };
		166EC4DB1D2107B200F7F31A /* BookStudyViewModel.m in Sources */ = {isa = PBXBuildFile; fileRef = 166EC4B61D2107B200F7F31A /* BookStudyViewModel.m */; };
		166EC4DC1D2107B200F7F31A /* BookStudyTabBarView.m in Sources */ = {isa = PBXBuildFile; fileRef = 166EC4B91D2107B200F7F31A /* BookStudyTabBarView.m */; };
		166EC4DD1D2107B200F7F31A /* BookStudyView.m in Sources */ = {isa = PBXBuildFile; fileRef = 166EC4BB1D2107B200F7F31A /* BookStudyView.m */; };
		166EC4DE1D2107B200F7F31A /* ImageBrowerView.m in Sources */ = {isa = PBXBuildFile; fileRef = 166EC4BD1D2107B200F7F31A /* ImageBrowerView.m */; };
		166EC4DF1D2107B200F7F31A /* ImageShowView.m in Sources */ = {isa = PBXBuildFile; fileRef = 166EC4BF1D2107B200F7F31A /* ImageShowView.m */; };
		166EC4E01D2107B200F7F31A /* LanguageLayer.m in Sources */ = {isa = PBXBuildFile; fileRef = 166EC4C21D2107B200F7F31A /* LanguageLayer.m */; };
		166EC4E11D2107B200F7F31A /* ListenLayer.m in Sources */ = {isa = PBXBuildFile; fileRef = 166EC4C41D2107B200F7F31A /* ListenLayer.m */; };
		166EC4E21D2107B200F7F31A /* ListenLayerView.m in Sources */ = {isa = PBXBuildFile; fileRef = 166EC4C61D2107B200F7F31A /* ListenLayerView.m */; };
		166EC4E31D2107B200F7F31A /* MenuLayer.m in Sources */ = {isa = PBXBuildFile; fileRef = 166EC4C81D2107B200F7F31A /* MenuLayer.m */; };
		166EC4E41D2107B200F7F31A /* TranslateLayer.m in Sources */ = {isa = PBXBuildFile; fileRef = 166EC4CA1D2107B200F7F31A /* TranslateLayer.m */; };
		166EC4E51D2107B200F7F31A /* WordLayer.m in Sources */ = {isa = PBXBuildFile; fileRef = 166EC4CC1D2107B200F7F31A /* WordLayer.m */; };
		166EC4E61D2107B200F7F31A /* PopDownloadProgressView.m in Sources */ = {isa = PBXBuildFile; fileRef = 166EC4CE1D2107B200F7F31A /* PopDownloadProgressView.m */; };
		166EC4E71D2107B200F7F31A /* PopGramarView.m in Sources */ = {isa = PBXBuildFile; fileRef = 166EC4D01D2107B200F7F31A /* PopGramarView.m */; };
		166EC4E81D2107B200F7F31A /* PopTextView.m in Sources */ = {isa = PBXBuildFile; fileRef = 166EC4D21D2107B200F7F31A /* PopTextView.m */; };
		166EC4E91D2107B200F7F31A /* PopTranslateAndGramarView.m in Sources */ = {isa = PBXBuildFile; fileRef = 166EC4D41D2107B200F7F31A /* PopTranslateAndGramarView.m */; };
		166EC4EA1D2107B200F7F31A /* PopWordView.m in Sources */ = {isa = PBXBuildFile; fileRef = 166EC4D61D2107B200F7F31A /* PopWordView.m */; };
		166EC4EB1D2107B200F7F31A /* SelectModuleView.m in Sources */ = {isa = PBXBuildFile; fileRef = 166EC4D81D2107B200F7F31A /* SelectModuleView.m */; };
		166EC5221D2107F000F7F31A /* AppStartManager.m in Sources */ = {isa = PBXBuildFile; fileRef = 166EC4EF1D2107F000F7F31A /* AppStartManager.m */; };
		166EC5231D2107F000F7F31A /* EncryptUtil.m in Sources */ = {isa = PBXBuildFile; fileRef = 166EC4F11D2107F000F7F31A /* EncryptUtil.m */; };
		166EC5241D2107F000F7F31A /* GTMBase64.m in Sources */ = {isa = PBXBuildFile; fileRef = 166EC4F31D2107F000F7F31A /* GTMBase64.m */; };
		166EC5251D2107F000F7F31A /* PlayerUtil.m in Sources */ = {isa = PBXBuildFile; fileRef = 166EC4F61D2107F000F7F31A /* PlayerUtil.m */; };
		166EC5261D2107F000F7F31A /* ResourceDataUtil+Delete.m in Sources */ = {isa = PBXBuildFile; fileRef = 166EC4F81D2107F000F7F31A /* ResourceDataUtil+Delete.m */; };
		166EC5271D2107F000F7F31A /* ResourceDataUtil.m in Sources */ = {isa = PBXBuildFile; fileRef = 166EC4FA1D2107F000F7F31A /* ResourceDataUtil.m */; };
		166EC5281D2107F000F7F31A /* UtilBooksOnLocal.m in Sources */ = {isa = PBXBuildFile; fileRef = 166EC4FC1D2107F000F7F31A /* UtilBooksOnLocal.m */; };
		166EC5291D2107F000F7F31A /* UtilMethod.m in Sources */ = {isa = PBXBuildFile; fileRef = 166EC4FE1D2107F000F7F31A /* UtilMethod.m */; };
		166EC52A1D2107F000F7F31A /* UtilsBook.m in Sources */ = {isa = PBXBuildFile; fileRef = 166EC5001D2107F000F7F31A /* UtilsBook.m */; };
		166EC52B1D2107F000F7F31A /* AudioPlayerView.m in Sources */ = {isa = PBXBuildFile; fileRef = 166EC5031D2107F000F7F31A /* AudioPlayerView.m */; };
		166EC52C1D2107F000F7F31A /* DropDownListView.m in Sources */ = {isa = PBXBuildFile; fileRef = 166EC5081D2107F000F7F31A /* DropDownListView.m */; };
		166EC52D1D2107F000F7F31A /* KxMenu.m in Sources */ = {isa = PBXBuildFile; fileRef = 166EC50A1D2107F000F7F31A /* KxMenu.m */; };
		166EC52E1D2107F000F7F31A /* PopOfSelectBookDownloadView.m in Sources */ = {isa = PBXBuildFile; fileRef = 166EC50D1D2107F000F7F31A /* PopOfSelectBookDownloadView.m */; };
		166EC52F1D2107F000F7F31A /* UIPopoverListView.m in Sources */ = {isa = PBXBuildFile; fileRef = 166EC50F1D2107F000F7F31A /* UIPopoverListView.m */; };
		166EC5371D2107F000F7F31A /* UICustomLineLabel.m in Sources */ = {isa = PBXBuildFile; fileRef = 166EC5211D2107F000F7F31A /* UICustomLineLabel.m */; };
		166EC5581D21081600F7F31A /* DirectoryUtil.m in Sources */ = {isa = PBXBuildFile; fileRef = 166EC53A1D21081600F7F31A /* DirectoryUtil.m */; };
		166EC5591D21081600F7F31A /* NSData+AES.m in Sources */ = {isa = PBXBuildFile; fileRef = 166EC53C1D21081600F7F31A /* NSData+AES.m */; };
		166EC55A1D21081600F7F31A /* NSDate+Category.m in Sources */ = {isa = PBXBuildFile; fileRef = 166EC53E1D21081600F7F31A /* NSDate+Category.m */; };
		166EC55B1D21081600F7F31A /* NSDateFormatter+Category.m in Sources */ = {isa = PBXBuildFile; fileRef = 166EC5401D21081600F7F31A /* NSDateFormatter+Category.m */; };
		166EC55C1D21081600F7F31A /* NSDictionary+safeObjectForKeyValue.m in Sources */ = {isa = PBXBuildFile; fileRef = 166EC5421D21081600F7F31A /* NSDictionary+safeObjectForKeyValue.m */; };
		166EC55D1D21081600F7F31A /* NSString+AES.m in Sources */ = {isa = PBXBuildFile; fileRef = 166EC5441D21081600F7F31A /* NSString+AES.m */; };
		166EC55E1D21081600F7F31A /* NSString+Valid.m in Sources */ = {isa = PBXBuildFile; fileRef = 166EC5461D21081600F7F31A /* NSString+Valid.m */; };
		166EC5601D21081600F7F31A /* UIAlertView+Blocks.m in Sources */ = {isa = PBXBuildFile; fileRef = 166EC54B1D21081600F7F31A /* UIAlertView+Blocks.m */; };
		166EC5611D21081600F7F31A /* UICategory.m in Sources */ = {isa = PBXBuildFile; fileRef = 166EC54D1D21081600F7F31A /* UICategory.m */; };
		166EC5621D21081600F7F31A /* UIColor+Hex.m in Sources */ = {isa = PBXBuildFile; fileRef = 166EC54F1D21081600F7F31A /* UIColor+Hex.m */; };
		166EC5631D21081600F7F31A /* UIImage+Scale.m in Sources */ = {isa = PBXBuildFile; fileRef = 166EC5511D21081600F7F31A /* UIImage+Scale.m */; };
		166EC5641D21081600F7F31A /* UIResponder+Router.m in Sources */ = {isa = PBXBuildFile; fileRef = 166EC5531D21081600F7F31A /* UIResponder+Router.m */; };
		166EC5651D21081600F7F31A /* UIViewController+DismissKeyboard.m in Sources */ = {isa = PBXBuildFile; fileRef = 166EC5551D21081600F7F31A /* UIViewController+DismissKeyboard.m */; };
		166EC5661D21081600F7F31A /* UIViewExt.m in Sources */ = {isa = PBXBuildFile; fileRef = 166EC5571D21081600F7F31A /* UIViewExt.m */; };
		166EC57A1D21083100F7F31A /* ModelBookInfo.m in Sources */ = {isa = PBXBuildFile; fileRef = 166EC5691D21083100F7F31A /* ModelBookInfo.m */; };
		166EC57B1D21083100F7F31A /* ModelBookStore.m in Sources */ = {isa = PBXBuildFile; fileRef = 166EC56B1D21083100F7F31A /* ModelBookStore.m */; };
		166EC57C1D21083100F7F31A /* ModelClickRead.m in Sources */ = {isa = PBXBuildFile; fileRef = 166EC56D1D21083100F7F31A /* ModelClickRead.m */; };
		166EC57D1D21083100F7F31A /* ModelContentMenus.m in Sources */ = {isa = PBXBuildFile; fileRef = 166EC56F1D21083100F7F31A /* ModelContentMenus.m */; };
		166EC57E1D21083100F7F31A /* ModelOrder.m in Sources */ = {isa = PBXBuildFile; fileRef = 166EC5711D21083100F7F31A /* ModelOrder.m */; };
		166EC57F1D21083100F7F31A /* ModelSchool.m in Sources */ = {isa = PBXBuildFile; fileRef = 166EC5731D21083100F7F31A /* ModelSchool.m */; };
		166EC5811D21083100F7F31A /* ModelUser.m in Sources */ = {isa = PBXBuildFile; fileRef = 166EC5771D21083100F7F31A /* ModelUser.m */; };
		166EC5821D21083100F7F31A /* ModelWordNode.m in Sources */ = {isa = PBXBuildFile; fileRef = 166EC5791D21083100F7F31A /* ModelWordNode.m */; };
		166EC5851D210CE000F7F31A /* BaseViewController.m in Sources */ = {isa = PBXBuildFile; fileRef = 166EC5841D210CE000F7F31A /* BaseViewController.m */; };
		166EC5891D21116C00F7F31A /* MBProgressHUD.m in Sources */ = {isa = PBXBuildFile; fileRef = 166EC5881D21116C00F7F31A /* MBProgressHUD.m */; };
		16761B6F1D2F9BCD00C4E69B /* BaseView.m in Sources */ = {isa = PBXBuildFile; fileRef = 16761B6E1D2F9BCD00C4E69B /* BaseView.m */; };
		16DAD19D1D2266C200D67058 /* CoreGraphics.framework in Frameworks */ = {isa = PBXBuildFile; fileRef = 16DAD19C1D2266C200D67058 /* CoreGraphics.framework */; };
		16DAD2041D23A85200D67058 /* GDataXMLNode.m in Sources */ = {isa = PBXBuildFile; fileRef = 16DAD2031D23A85200D67058 /* GDataXMLNode.m */; };
		16DAD2091D23A8F200D67058 /* CoreTelephony.framework in Frameworks */ = {isa = PBXBuildFile; fileRef = 16DAD2071D23A8F200D67058 /* CoreTelephony.framework */; };
		16DAD20A1D23A8F200D67058 /* CoreText.framework in Frameworks */ = {isa = PBXBuildFile; fileRef = 16DAD2081D23A8F200D67058 /* CoreText.framework */; };
		16DAD20C1D23A90900D67058 /* Security.framework in Frameworks */ = {isa = PBXBuildFile; fileRef = 16DAD20B1D23A90900D67058 /* Security.framework */; };
		16DAD20E1D23A91000D67058 /* CFNetwork.framework in Frameworks */ = {isa = PBXBuildFile; fileRef = 16DAD20D1D23A91000D67058 /* CFNetwork.framework */; };
		16DAD2101D23A91900D67058 /* AVFoundation.framework in Frameworks */ = {isa = PBXBuildFile; fileRef = 16DAD20F1D23A91900D67058 /* AVFoundation.framework */; };
/* End PBXBuildFile section */

/* Begin PBXCopyFilesBuildPhase section */
		166EC4871D20C45700F7F31A /* CopyFiles */ = {
			isa = PBXCopyFilesBuildPhase;
			buildActionMask = 2147483647;
			dstPath = "include/$(PRODUCT_NAME)";
			dstSubfolderSpec = 16;
			files = (
				166EC48D1D20C45700F7F31A /* FlippednseSDK.h in CopyFiles */,
			);
			runOnlyForDeploymentPostprocessing = 0;
		};
/* End PBXCopyFilesBuildPhase section */

/* Begin PBXFileReference section */
		1666728C1D23B083005431BF /* MyVerticalLable.h */ = {isa = PBXFileReference; fileEncoding = 4; lastKnownFileType = sourcecode.c.h; path = MyVerticalLable.h; sourceTree = "<group>"; };
		1666728D1D23B083005431BF /* MyVerticalLable.m */ = {isa = PBXFileReference; fileEncoding = 4; lastKnownFileType = sourcecode.c.objc; path = MyVerticalLable.m; sourceTree = "<group>"; };
		166672921D23CB17005431BF /* NetworkService+Books.h */ = {isa = PBXFileReference; fileEncoding = 4; lastKnownFileType = sourcecode.c.h; path = "NetworkService+Books.h"; sourceTree = "<group>"; };
		166672931D23CB17005431BF /* NetworkService+Books.m */ = {isa = PBXFileReference; fileEncoding = 4; lastKnownFileType = sourcecode.c.objc; path = "NetworkService+Books.m"; sourceTree = "<group>"; };
		166672981D23CB17005431BF /* NetworkService.h */ = {isa = PBXFileReference; fileEncoding = 4; lastKnownFileType = sourcecode.c.h; path = NetworkService.h; sourceTree = "<group>"; };
		166672991D23CB17005431BF /* NetworkService.m */ = {isa = PBXFileReference; fileEncoding = 4; lastKnownFileType = sourcecode.c.objc; path = NetworkService.m; sourceTree = "<group>"; };
		1666729A1D23CB17005431BF /* NetWorkServiceOfDownload.h */ = {isa = PBXFileReference; fileEncoding = 4; lastKnownFileType = sourcecode.c.h; path = NetWorkServiceOfDownload.h; sourceTree = "<group>"; };
		1666729B1D23CB17005431BF /* NetWorkServiceOfDownload.m */ = {isa = PBXFileReference; fileEncoding = 4; lastKnownFileType = sourcecode.c.objc; path = NetWorkServiceOfDownload.m; sourceTree = "<group>"; };
		166672E81D24F9C6005431BF /* QuartzCore.framework */ = {isa = PBXFileReference; lastKnownFileType = wrapper.framework; name = QuartzCore.framework; path = System/Library/Frameworks/QuartzCore.framework; sourceTree = SDKROOT; };
		166EC4891D20C45700F7F31A /* libFlippednseSDK.a */ = {isa = PBXFileReference; explicitFileType = archive.ar; includeInIndex = 0; path = libFlippednseSDK.a; sourceTree = BUILT_PRODUCTS_DIR; };
		166EC48C1D20C45700F7F31A /* FlippednseSDK.h */ = {isa = PBXFileReference; lastKnownFileType = sourcecode.c.h; path = FlippednseSDK.h; sourceTree = "<group>"; };
		166EC48E1D20C45700F7F31A /* FlippednseSDK.m */ = {isa = PBXFileReference; lastKnownFileType = sourcecode.c.objc; path = FlippednseSDK.m; sourceTree = "<group>"; };
		166EC4961D21076500F7F31A /* ConfigGlobal.h */ = {isa = PBXFileReference; fileEncoding = 4; lastKnownFileType = sourcecode.c.h; path = ConfigGlobal.h; sourceTree = "<group>"; };
		166EC4971D21076500F7F31A /* ConfigGlobal.m */ = {isa = PBXFileReference; fileEncoding = 4; lastKnownFileType = sourcecode.c.objc; path = ConfigGlobal.m; sourceTree = "<group>"; };
		166EC4981D21076500F7F31A /* ConfigNetwork.h */ = {isa = PBXFileReference; fileEncoding = 4; lastKnownFileType = sourcecode.c.h; path = ConfigNetwork.h; sourceTree = "<group>"; };
		166EC49F1D21078300F7F31A /* DatabaseManager.h */ = {isa = PBXFileReference; fileEncoding = 4; lastKnownFileType = sourcecode.c.h; path = DatabaseManager.h; sourceTree = "<group>"; };
		166EC4A01D21078300F7F31A /* DatabaseManager.m */ = {isa = PBXFileReference; fileEncoding = 4; lastKnownFileType = sourcecode.c.objc; path = DatabaseManager.m; sourceTree = "<group>"; };
		166EC4A11D21078300F7F31A /* DBInit.h */ = {isa = PBXFileReference; fileEncoding = 4; lastKnownFileType = sourcecode.c.h; path = DBInit.h; sourceTree = "<group>"; };
		166EC4A21D21078300F7F31A /* DBInit.m */ = {isa = PBXFileReference; fileEncoding = 4; lastKnownFileType = sourcecode.c.objc; path = DBInit.m; sourceTree = "<group>"; };
		166EC4A31D21078300F7F31A /* Model.h */ = {isa = PBXFileReference; fileEncoding = 4; lastKnownFileType = sourcecode.c.h; path = Model.h; sourceTree = "<group>"; };
		166EC4A41D21078300F7F31A /* Model.m */ = {isa = PBXFileReference; fileEncoding = 4; lastKnownFileType = sourcecode.c.objc; path = Model.m; sourceTree = "<group>"; };
		166EC4A51D21078300F7F31A /* ModelClassProperty.h */ = {isa = PBXFileReference; fileEncoding = 4; lastKnownFileType = sourcecode.c.h; path = ModelClassProperty.h; sourceTree = "<group>"; };
		166EC4A61D21078300F7F31A /* ModelClassProperty.m */ = {isa = PBXFileReference; fileEncoding = 4; lastKnownFileType = sourcecode.c.objc; path = ModelClassProperty.m; sourceTree = "<group>"; };
		166EC4A71D21078300F7F31A /* ModelMetadate.h */ = {isa = PBXFileReference; fileEncoding = 4; lastKnownFileType = sourcecode.c.h; path = ModelMetadate.h; sourceTree = "<group>"; };
		166EC4A81D21078300F7F31A /* ModelMetadate.m */ = {isa = PBXFileReference; fileEncoding = 4; lastKnownFileType = sourcecode.c.objc; path = ModelMetadate.m; sourceTree = "<group>"; };
		166EC4B21D2107B200F7F31A /* BookStudyController.h */ = {isa = PBXFileReference; fileEncoding = 4; lastKnownFileType = sourcecode.c.h; path = BookStudyController.h; sourceTree = "<group>"; };
		166EC4B31D2107B200F7F31A /* BookStudyController.m */ = {isa = PBXFileReference; fileEncoding = 4; lastKnownFileType = sourcecode.c.objc; path = BookStudyController.m; sourceTree = "<group>"; };
		166EC4B51D2107B200F7F31A /* BookStudyViewModel.h */ = {isa = PBXFileReference; fileEncoding = 4; lastKnownFileType = sourcecode.c.h; path = BookStudyViewModel.h; sourceTree = "<group>"; };
		166EC4B61D2107B200F7F31A /* BookStudyViewModel.m */ = {isa = PBXFileReference; fileEncoding = 4; lastKnownFileType = sourcecode.c.objc; path = BookStudyViewModel.m; sourceTree = "<group>"; };
		166EC4B81D2107B200F7F31A /* BookStudyTabBarView.h */ = {isa = PBXFileReference; fileEncoding = 4; lastKnownFileType = sourcecode.c.h; path = BookStudyTabBarView.h; sourceTree = "<group>"; };
		166EC4B91D2107B200F7F31A /* BookStudyTabBarView.m */ = {isa = PBXFileReference; fileEncoding = 4; lastKnownFileType = sourcecode.c.objc; path = BookStudyTabBarView.m; sourceTree = "<group>"; };
		166EC4BA1D2107B200F7F31A /* BookStudyView.h */ = {isa = PBXFileReference; fileEncoding = 4; lastKnownFileType = sourcecode.c.h; path = BookStudyView.h; sourceTree = "<group>"; };
		166EC4BB1D2107B200F7F31A /* BookStudyView.m */ = {isa = PBXFileReference; fileEncoding = 4; lastKnownFileType = sourcecode.c.objc; path = BookStudyView.m; sourceTree = "<group>"; };
		166EC4BC1D2107B200F7F31A /* ImageBrowerView.h */ = {isa = PBXFileReference; fileEncoding = 4; lastKnownFileType = sourcecode.c.h; path = ImageBrowerView.h; sourceTree = "<group>"; };
		166EC4BD1D2107B200F7F31A /* ImageBrowerView.m */ = {isa = PBXFileReference; fileEncoding = 4; lastKnownFileType = sourcecode.c.objc; path = ImageBrowerView.m; sourceTree = "<group>"; };
		166EC4BE1D2107B200F7F31A /* ImageShowView.h */ = {isa = PBXFileReference; fileEncoding = 4; lastKnownFileType = sourcecode.c.h; path = ImageShowView.h; sourceTree = "<group>"; };
		166EC4BF1D2107B200F7F31A /* ImageShowView.m */ = {isa = PBXFileReference; fileEncoding = 4; lastKnownFileType = sourcecode.c.objc; path = ImageShowView.m; sourceTree = "<group>"; };
		166EC4C11D2107B200F7F31A /* LanguageLayer.h */ = {isa = PBXFileReference; fileEncoding = 4; lastKnownFileType = sourcecode.c.h; path = LanguageLayer.h; sourceTree = "<group>"; };
		166EC4C21D2107B200F7F31A /* LanguageLayer.m */ = {isa = PBXFileReference; fileEncoding = 4; lastKnownFileType = sourcecode.c.objc; path = LanguageLayer.m; sourceTree = "<group>"; };
		166EC4C31D2107B200F7F31A /* ListenLayer.h */ = {isa = PBXFileReference; fileEncoding = 4; lastKnownFileType = sourcecode.c.h; path = ListenLayer.h; sourceTree = "<group>"; };
		166EC4C41D2107B200F7F31A /* ListenLayer.m */ = {isa = PBXFileReference; fileEncoding = 4; lastKnownFileType = sourcecode.c.objc; path = ListenLayer.m; sourceTree = "<group>"; };
		166EC4C51D2107B200F7F31A /* ListenLayerView.h */ = {isa = PBXFileReference; fileEncoding = 4; lastKnownFileType = sourcecode.c.h; path = ListenLayerView.h; sourceTree = "<group>"; };
		166EC4C61D2107B200F7F31A /* ListenLayerView.m */ = {isa = PBXFileReference; fileEncoding = 4; lastKnownFileType = sourcecode.c.objc; path = ListenLayerView.m; sourceTree = "<group>"; };
		166EC4C71D2107B200F7F31A /* MenuLayer.h */ = {isa = PBXFileReference; fileEncoding = 4; lastKnownFileType = sourcecode.c.h; path = MenuLayer.h; sourceTree = "<group>"; };
		166EC4C81D2107B200F7F31A /* MenuLayer.m */ = {isa = PBXFileReference; fileEncoding = 4; lastKnownFileType = sourcecode.c.objc; path = MenuLayer.m; sourceTree = "<group>"; };
		166EC4C91D2107B200F7F31A /* TranslateLayer.h */ = {isa = PBXFileReference; fileEncoding = 4; lastKnownFileType = sourcecode.c.h; path = TranslateLayer.h; sourceTree = "<group>"; };
		166EC4CA1D2107B200F7F31A /* TranslateLayer.m */ = {isa = PBXFileReference; fileEncoding = 4; lastKnownFileType = sourcecode.c.objc; path = TranslateLayer.m; sourceTree = "<group>"; };
		166EC4CB1D2107B200F7F31A /* WordLayer.h */ = {isa = PBXFileReference; fileEncoding = 4; lastKnownFileType = sourcecode.c.h; path = WordLayer.h; sourceTree = "<group>"; };
		166EC4CC1D2107B200F7F31A /* WordLayer.m */ = {isa = PBXFileReference; fileEncoding = 4; lastKnownFileType = sourcecode.c.objc; path = WordLayer.m; sourceTree = "<group>"; };
		166EC4CD1D2107B200F7F31A /* PopDownloadProgressView.h */ = {isa = PBXFileReference; fileEncoding = 4; lastKnownFileType = sourcecode.c.h; path = PopDownloadProgressView.h; sourceTree = "<group>"; };
		166EC4CE1D2107B200F7F31A /* PopDownloadProgressView.m */ = {isa = PBXFileReference; fileEncoding = 4; lastKnownFileType = sourcecode.c.objc; path = PopDownloadProgressView.m; sourceTree = "<group>"; };
		166EC4CF1D2107B200F7F31A /* PopGramarView.h */ = {isa = PBXFileReference; fileEncoding = 4; lastKnownFileType = sourcecode.c.h; path = PopGramarView.h; sourceTree = "<group>"; };
		166EC4D01D2107B200F7F31A /* PopGramarView.m */ = {isa = PBXFileReference; fileEncoding = 4; lastKnownFileType = sourcecode.c.objc; path = PopGramarView.m; sourceTree = "<group>"; };
		166EC4D11D2107B200F7F31A /* PopTextView.h */ = {isa = PBXFileReference; fileEncoding = 4; lastKnownFileType = sourcecode.c.h; path = PopTextView.h; sourceTree = "<group>"; };
		166EC4D21D2107B200F7F31A /* PopTextView.m */ = {isa = PBXFileReference; fileEncoding = 4; lastKnownFileType = sourcecode.c.objc; path = PopTextView.m; sourceTree = "<group>"; };
		166EC4D31D2107B200F7F31A /* PopTranslateAndGramarView.h */ = {isa = PBXFileReference; fileEncoding = 4; lastKnownFileType = sourcecode.c.h; path = PopTranslateAndGramarView.h; sourceTree = "<group>"; };
		166EC4D41D2107B200F7F31A /* PopTranslateAndGramarView.m */ = {isa = PBXFileReference; fileEncoding = 4; lastKnownFileType = sourcecode.c.objc; path = PopTranslateAndGramarView.m; sourceTree = "<group>"; };
		166EC4D51D2107B200F7F31A /* PopWordView.h */ = {isa = PBXFileReference; fileEncoding = 4; lastKnownFileType = sourcecode.c.h; path = PopWordView.h; sourceTree = "<group>"; };
		166EC4D61D2107B200F7F31A /* PopWordView.m */ = {isa = PBXFileReference; fileEncoding = 4; lastKnownFileType = sourcecode.c.objc; path = PopWordView.m; sourceTree = "<group>"; };
		166EC4D71D2107B200F7F31A /* SelectModuleView.h */ = {isa = PBXFileReference; fileEncoding = 4; lastKnownFileType = sourcecode.c.h; path = SelectModuleView.h; sourceTree = "<group>"; };
		166EC4D81D2107B200F7F31A /* SelectModuleView.m */ = {isa = PBXFileReference; fileEncoding = 4; lastKnownFileType = sourcecode.c.objc; path = SelectModuleView.m; sourceTree = "<group>"; };
		166EC4EE1D2107F000F7F31A /* AppStartManager.h */ = {isa = PBXFileReference; fileEncoding = 4; lastKnownFileType = sourcecode.c.h; path = AppStartManager.h; sourceTree = "<group>"; };
		166EC4EF1D2107F000F7F31A /* AppStartManager.m */ = {isa = PBXFileReference; fileEncoding = 4; lastKnownFileType = sourcecode.c.objc; path = AppStartManager.m; sourceTree = "<group>"; };
		166EC4F01D2107F000F7F31A /* EncryptUtil.h */ = {isa = PBXFileReference; fileEncoding = 4; lastKnownFileType = sourcecode.c.h; path = EncryptUtil.h; sourceTree = "<group>"; };
		166EC4F11D2107F000F7F31A /* EncryptUtil.m */ = {isa = PBXFileReference; fileEncoding = 4; lastKnownFileType = sourcecode.c.objc; path = EncryptUtil.m; sourceTree = "<group>"; };
		166EC4F21D2107F000F7F31A /* GTMBase64.h */ = {isa = PBXFileReference; fileEncoding = 4; lastKnownFileType = sourcecode.c.h; path = GTMBase64.h; sourceTree = "<group>"; };
		166EC4F31D2107F000F7F31A /* GTMBase64.m */ = {isa = PBXFileReference; fileEncoding = 4; lastKnownFileType = sourcecode.c.objc; path = GTMBase64.m; sourceTree = "<group>"; };
		166EC4F41D2107F000F7F31A /* GTMDefines.h */ = {isa = PBXFileReference; fileEncoding = 4; lastKnownFileType = sourcecode.c.h; path = GTMDefines.h; sourceTree = "<group>"; };
		166EC4F51D2107F000F7F31A /* PlayerUtil.h */ = {isa = PBXFileReference; fileEncoding = 4; lastKnownFileType = sourcecode.c.h; path = PlayerUtil.h; sourceTree = "<group>"; };
		166EC4F61D2107F000F7F31A /* PlayerUtil.m */ = {isa = PBXFileReference; fileEncoding = 4; lastKnownFileType = sourcecode.c.objc; path = PlayerUtil.m; sourceTree = "<group>"; };
		166EC4F71D2107F000F7F31A /* ResourceDataUtil+Delete.h */ = {isa = PBXFileReference; fileEncoding = 4; lastKnownFileType = sourcecode.c.h; path = "ResourceDataUtil+Delete.h"; sourceTree = "<group>"; };
		166EC4F81D2107F000F7F31A /* ResourceDataUtil+Delete.m */ = {isa = PBXFileReference; fileEncoding = 4; lastKnownFileType = sourcecode.c.objc; path = "ResourceDataUtil+Delete.m"; sourceTree = "<group>"; };
		166EC4F91D2107F000F7F31A /* ResourceDataUtil.h */ = {isa = PBXFileReference; fileEncoding = 4; lastKnownFileType = sourcecode.c.h; path = ResourceDataUtil.h; sourceTree = "<group>"; };
		166EC4FA1D2107F000F7F31A /* ResourceDataUtil.m */ = {isa = PBXFileReference; fileEncoding = 4; lastKnownFileType = sourcecode.c.objc; path = ResourceDataUtil.m; sourceTree = "<group>"; };
		166EC4FB1D2107F000F7F31A /* UtilBooksOnLocal.h */ = {isa = PBXFileReference; fileEncoding = 4; lastKnownFileType = sourcecode.c.h; path = UtilBooksOnLocal.h; sourceTree = "<group>"; };
		166EC4FC1D2107F000F7F31A /* UtilBooksOnLocal.m */ = {isa = PBXFileReference; fileEncoding = 4; lastKnownFileType = sourcecode.c.objc; path = UtilBooksOnLocal.m; sourceTree = "<group>"; };
		166EC4FD1D2107F000F7F31A /* UtilMethod.h */ = {isa = PBXFileReference; fileEncoding = 4; lastKnownFileType = sourcecode.c.h; path = UtilMethod.h; sourceTree = "<group>"; };
		166EC4FE1D2107F000F7F31A /* UtilMethod.m */ = {isa = PBXFileReference; fileEncoding = 4; lastKnownFileType = sourcecode.c.objc; path = UtilMethod.m; sourceTree = "<group>"; };
		166EC4FF1D2107F000F7F31A /* UtilsBook.h */ = {isa = PBXFileReference; fileEncoding = 4; lastKnownFileType = sourcecode.c.h; path = UtilsBook.h; sourceTree = "<group>"; };
		166EC5001D2107F000F7F31A /* UtilsBook.m */ = {isa = PBXFileReference; fileEncoding = 4; lastKnownFileType = sourcecode.c.objc; path = UtilsBook.m; sourceTree = "<group>"; };
		166EC5021D2107F000F7F31A /* AudioPlayerView.h */ = {isa = PBXFileReference; fileEncoding = 4; lastKnownFileType = sourcecode.c.h; path = AudioPlayerView.h; sourceTree = "<group>"; };
		166EC5031D2107F000F7F31A /* AudioPlayerView.m */ = {isa = PBXFileReference; fileEncoding = 4; lastKnownFileType = sourcecode.c.objc; path = AudioPlayerView.m; sourceTree = "<group>"; };
		166EC5051D2107F000F7F31A /* down_dark.png */ = {isa = PBXFileReference; lastKnownFileType = image.png; path = down_dark.png; sourceTree = "<group>"; };
		166EC5061D2107F000F7F31A /* DropDownChooseProtocol.h */ = {isa = PBXFileReference; fileEncoding = 4; lastKnownFileType = sourcecode.c.h; path = DropDownChooseProtocol.h; sourceTree = "<group>"; };
		166EC5071D2107F000F7F31A /* DropDownListView.h */ = {isa = PBXFileReference; fileEncoding = 4; lastKnownFileType = sourcecode.c.h; path = DropDownListView.h; sourceTree = "<group>"; };
		166EC5081D2107F000F7F31A /* DropDownListView.m */ = {isa = PBXFileReference; fileEncoding = 4; lastKnownFileType = sourcecode.c.objc; path = DropDownListView.m; sourceTree = "<group>"; };
		166EC5091D2107F000F7F31A /* KxMenu.h */ = {isa = PBXFileReference; fileEncoding = 4; lastKnownFileType = sourcecode.c.h; path = KxMenu.h; sourceTree = "<group>"; };
		166EC50A1D2107F000F7F31A /* KxMenu.m */ = {isa = PBXFileReference; fileEncoding = 4; lastKnownFileType = sourcecode.c.objc; path = KxMenu.m; sourceTree = "<group>"; };
		166EC50C1D2107F000F7F31A /* PopOfSelectBookDownloadView.h */ = {isa = PBXFileReference; fileEncoding = 4; lastKnownFileType = sourcecode.c.h; path = PopOfSelectBookDownloadView.h; sourceTree = "<group>"; };
		166EC50D1D2107F000F7F31A /* PopOfSelectBookDownloadView.m */ = {isa = PBXFileReference; fileEncoding = 4; lastKnownFileType = sourcecode.c.objc; path = PopOfSelectBookDownloadView.m; sourceTree = "<group>"; };
		166EC50E1D2107F000F7F31A /* UIPopoverListView.h */ = {isa = PBXFileReference; fileEncoding = 4; lastKnownFileType = sourcecode.c.h; path = UIPopoverListView.h; sourceTree = "<group>"; };
		166EC50F1D2107F000F7F31A /* UIPopoverListView.m */ = {isa = PBXFileReference; fileEncoding = 4; lastKnownFileType = sourcecode.c.objc; path = UIPopoverListView.m; sourceTree = "<group>"; };
		166EC5201D2107F000F7F31A /* UICustomLineLabel.h */ = {isa = PBXFileReference; fileEncoding = 4; lastKnownFileType = sourcecode.c.h; path = UICustomLineLabel.h; sourceTree = "<group>"; };
		166EC5211D2107F000F7F31A /* UICustomLineLabel.m */ = {isa = PBXFileReference; fileEncoding = 4; lastKnownFileType = sourcecode.c.objc; path = UICustomLineLabel.m; sourceTree = "<group>"; };
		166EC5391D21081600F7F31A /* DirectoryUtil.h */ = {isa = PBXFileReference; fileEncoding = 4; lastKnownFileType = sourcecode.c.h; path = DirectoryUtil.h; sourceTree = "<group>"; };
		166EC53A1D21081600F7F31A /* DirectoryUtil.m */ = {isa = PBXFileReference; fileEncoding = 4; lastKnownFileType = sourcecode.c.objc; path = DirectoryUtil.m; sourceTree = "<group>"; };
		166EC53B1D21081600F7F31A /* NSData+AES.h */ = {isa = PBXFileReference; fileEncoding = 4; lastKnownFileType = sourcecode.c.h; path = "NSData+AES.h"; sourceTree = "<group>"; };
		166EC53C1D21081600F7F31A /* NSData+AES.m */ = {isa = PBXFileReference; fileEncoding = 4; lastKnownFileType = sourcecode.c.objc; path = "NSData+AES.m"; sourceTree = "<group>"; };
		166EC53D1D21081600F7F31A /* NSDate+Category.h */ = {isa = PBXFileReference; fileEncoding = 4; lastKnownFileType = sourcecode.c.h; path = "NSDate+Category.h"; sourceTree = "<group>"; };
		166EC53E1D21081600F7F31A /* NSDate+Category.m */ = {isa = PBXFileReference; fileEncoding = 4; lastKnownFileType = sourcecode.c.objc; path = "NSDate+Category.m"; sourceTree = "<group>"; };
		166EC53F1D21081600F7F31A /* NSDateFormatter+Category.h */ = {isa = PBXFileReference; fileEncoding = 4; lastKnownFileType = sourcecode.c.h; path = "NSDateFormatter+Category.h"; sourceTree = "<group>"; };
		166EC5401D21081600F7F31A /* NSDateFormatter+Category.m */ = {isa = PBXFileReference; fileEncoding = 4; lastKnownFileType = sourcecode.c.objc; path = "NSDateFormatter+Category.m"; sourceTree = "<group>"; };
		166EC5411D21081600F7F31A /* NSDictionary+safeObjectForKeyValue.h */ = {isa = PBXFileReference; fileEncoding = 4; lastKnownFileType = sourcecode.c.h; path = "NSDictionary+safeObjectForKeyValue.h"; sourceTree = "<group>"; };
		166EC5421D21081600F7F31A /* NSDictionary+safeObjectForKeyValue.m */ = {isa = PBXFileReference; fileEncoding = 4; lastKnownFileType = sourcecode.c.objc; path = "NSDictionary+safeObjectForKeyValue.m"; sourceTree = "<group>"; };
		166EC5431D21081600F7F31A /* NSString+AES.h */ = {isa = PBXFileReference; fileEncoding = 4; lastKnownFileType = sourcecode.c.h; path = "NSString+AES.h"; sourceTree = "<group>"; };
		166EC5441D21081600F7F31A /* NSString+AES.m */ = {isa = PBXFileReference; fileEncoding = 4; lastKnownFileType = sourcecode.c.objc; path = "NSString+AES.m"; sourceTree = "<group>"; };
		166EC5451D21081600F7F31A /* NSString+Valid.h */ = {isa = PBXFileReference; fileEncoding = 4; lastKnownFileType = sourcecode.c.h; path = "NSString+Valid.h"; sourceTree = "<group>"; };
		166EC5461D21081600F7F31A /* NSString+Valid.m */ = {isa = PBXFileReference; fileEncoding = 4; lastKnownFileType = sourcecode.c.objc; path = "NSString+Valid.m"; sourceTree = "<group>"; };
		166EC54A1D21081600F7F31A /* UIAlertView+Blocks.h */ = {isa = PBXFileReference; fileEncoding = 4; lastKnownFileType = sourcecode.c.h; path = "UIAlertView+Blocks.h"; sourceTree = "<group>"; };
		166EC54B1D21081600F7F31A /* UIAlertView+Blocks.m */ = {isa = PBXFileReference; fileEncoding = 4; lastKnownFileType = sourcecode.c.objc; path = "UIAlertView+Blocks.m"; sourceTree = "<group>"; };
		166EC54C1D21081600F7F31A /* UICategory.h */ = {isa = PBXFileReference; fileEncoding = 4; lastKnownFileType = sourcecode.c.h; path = UICategory.h; sourceTree = "<group>"; };
		166EC54D1D21081600F7F31A /* UICategory.m */ = {isa = PBXFileReference; fileEncoding = 4; lastKnownFileType = sourcecode.c.objc; path = UICategory.m; sourceTree = "<group>"; };
		166EC54E1D21081600F7F31A /* UIColor+Hex.h */ = {isa = PBXFileReference; fileEncoding = 4; lastKnownFileType = sourcecode.c.h; path = "UIColor+Hex.h"; sourceTree = "<group>"; };
		166EC54F1D21081600F7F31A /* UIColor+Hex.m */ = {isa = PBXFileReference; fileEncoding = 4; lastKnownFileType = sourcecode.c.objc; path = "UIColor+Hex.m"; sourceTree = "<group>"; };
		166EC5501D21081600F7F31A /* UIImage+Scale.h */ = {isa = PBXFileReference; fileEncoding = 4; lastKnownFileType = sourcecode.c.h; path = "UIImage+Scale.h"; sourceTree = "<group>"; };
		166EC5511D21081600F7F31A /* UIImage+Scale.m */ = {isa = PBXFileReference; fileEncoding = 4; lastKnownFileType = sourcecode.c.objc; path = "UIImage+Scale.m"; sourceTree = "<group>"; };
		166EC5521D21081600F7F31A /* UIResponder+Router.h */ = {isa = PBXFileReference; fileEncoding = 4; lastKnownFileType = sourcecode.c.h; path = "UIResponder+Router.h"; sourceTree = "<group>"; };
		166EC5531D21081600F7F31A /* UIResponder+Router.m */ = {isa = PBXFileReference; fileEncoding = 4; lastKnownFileType = sourcecode.c.objc; path = "UIResponder+Router.m"; sourceTree = "<group>"; };
		166EC5541D21081600F7F31A /* UIViewController+DismissKeyboard.h */ = {isa = PBXFileReference; fileEncoding = 4; lastKnownFileType = sourcecode.c.h; path = "UIViewController+DismissKeyboard.h"; sourceTree = "<group>"; };
		166EC5551D21081600F7F31A /* UIViewController+DismissKeyboard.m */ = {isa = PBXFileReference; fileEncoding = 4; lastKnownFileType = sourcecode.c.objc; path = "UIViewController+DismissKeyboard.m"; sourceTree = "<group>"; };
		166EC5561D21081600F7F31A /* UIViewExt.h */ = {isa = PBXFileReference; fileEncoding = 4; lastKnownFileType = sourcecode.c.h; path = UIViewExt.h; sourceTree = "<group>"; };
		166EC5571D21081600F7F31A /* UIViewExt.m */ = {isa = PBXFileReference; fileEncoding = 4; lastKnownFileType = sourcecode.c.objc; path = UIViewExt.m; sourceTree = "<group>"; };
		166EC5681D21083100F7F31A /* ModelBookInfo.h */ = {isa = PBXFileReference; fileEncoding = 4; lastKnownFileType = sourcecode.c.h; path = ModelBookInfo.h; sourceTree = "<group>"; };
		166EC5691D21083100F7F31A /* ModelBookInfo.m */ = {isa = PBXFileReference; fileEncoding = 4; lastKnownFileType = sourcecode.c.objc; path = ModelBookInfo.m; sourceTree = "<group>"; };
		166EC56A1D21083100F7F31A /* ModelBookStore.h */ = {isa = PBXFileReference; fileEncoding = 4; lastKnownFileType = sourcecode.c.h; path = ModelBookStore.h; sourceTree = "<group>"; };
		166EC56B1D21083100F7F31A /* ModelBookStore.m */ = {isa = PBXFileReference; fileEncoding = 4; lastKnownFileType = sourcecode.c.objc; path = ModelBookStore.m; sourceTree = "<group>"; };
		166EC56C1D21083100F7F31A /* ModelClickRead.h */ = {isa = PBXFileReference; fileEncoding = 4; lastKnownFileType = sourcecode.c.h; path = ModelClickRead.h; sourceTree = "<group>"; };
		166EC56D1D21083100F7F31A /* ModelClickRead.m */ = {isa = PBXFileReference; fileEncoding = 4; lastKnownFileType = sourcecode.c.objc; path = ModelClickRead.m; sourceTree = "<group>"; };
		166EC56E1D21083100F7F31A /* ModelContentMenus.h */ = {isa = PBXFileReference; fileEncoding = 4; lastKnownFileType = sourcecode.c.h; path = ModelContentMenus.h; sourceTree = "<group>"; };
		166EC56F1D21083100F7F31A /* ModelContentMenus.m */ = {isa = PBXFileReference; fileEncoding = 4; lastKnownFileType = sourcecode.c.objc; path = ModelContentMenus.m; sourceTree = "<group>"; };
		166EC5701D21083100F7F31A /* ModelOrder.h */ = {isa = PBXFileReference; fileEncoding = 4; lastKnownFileType = sourcecode.c.h; path = ModelOrder.h; sourceTree = "<group>"; };
		166EC5711D21083100F7F31A /* ModelOrder.m */ = {isa = PBXFileReference; fileEncoding = 4; lastKnownFileType = sourcecode.c.objc; path = ModelOrder.m; sourceTree = "<group>"; };
		166EC5721D21083100F7F31A /* ModelSchool.h */ = {isa = PBXFileReference; fileEncoding = 4; lastKnownFileType = sourcecode.c.h; path = ModelSchool.h; sourceTree = "<group>"; };
		166EC5731D21083100F7F31A /* ModelSchool.m */ = {isa = PBXFileReference; fileEncoding = 4; lastKnownFileType = sourcecode.c.objc; path = ModelSchool.m; sourceTree = "<group>"; };
		166EC5761D21083100F7F31A /* ModelUser.h */ = {isa = PBXFileReference; fileEncoding = 4; lastKnownFileType = sourcecode.c.h; path = ModelUser.h; sourceTree = "<group>"; };
		166EC5771D21083100F7F31A /* ModelUser.m */ = {isa = PBXFileReference; fileEncoding = 4; lastKnownFileType = sourcecode.c.objc; path = ModelUser.m; sourceTree = "<group>"; };
		166EC5781D21083100F7F31A /* ModelWordNode.h */ = {isa = PBXFileReference; fileEncoding = 4; lastKnownFileType = sourcecode.c.h; path = ModelWordNode.h; sourceTree = "<group>"; };
		166EC5791D21083100F7F31A /* ModelWordNode.m */ = {isa = PBXFileReference; fileEncoding = 4; lastKnownFileType = sourcecode.c.objc; path = ModelWordNode.m; sourceTree = "<group>"; };
		166EC5831D210CE000F7F31A /* BaseViewController.h */ = {isa = PBXFileReference; fileEncoding = 4; lastKnownFileType = sourcecode.c.h; path = BaseViewController.h; sourceTree = "<group>"; };
		166EC5841D210CE000F7F31A /* BaseViewController.m */ = {isa = PBXFileReference; fileEncoding = 4; lastKnownFileType = sourcecode.c.objc; path = BaseViewController.m; sourceTree = "<group>"; };
		166EC5871D21116C00F7F31A /* MBProgressHUD.h */ = {isa = PBXFileReference; fileEncoding = 4; lastKnownFileType = sourcecode.c.h; path = MBProgressHUD.h; sourceTree = "<group>"; };
		166EC5881D21116C00F7F31A /* MBProgressHUD.m */ = {isa = PBXFileReference; fileEncoding = 4; lastKnownFileType = sourcecode.c.objc; path = MBProgressHUD.m; sourceTree = "<group>"; };
		16761B6D1D2F9BCD00C4E69B /* BaseView.h */ = {isa = PBXFileReference; fileEncoding = 4; lastKnownFileType = sourcecode.c.h; path = BaseView.h; sourceTree = "<group>"; };
		16761B6E1D2F9BCD00C4E69B /* BaseView.m */ = {isa = PBXFileReference; fileEncoding = 4; lastKnownFileType = sourcecode.c.objc; path = BaseView.m; sourceTree = "<group>"; };
		16DAD19C1D2266C200D67058 /* CoreGraphics.framework */ = {isa = PBXFileReference; lastKnownFileType = wrapper.framework; name = CoreGraphics.framework; path = System/Library/Frameworks/CoreGraphics.framework; sourceTree = SDKROOT; };
		16DAD2021D23A85200D67058 /* GDataXMLNode.h */ = {isa = PBXFileReference; fileEncoding = 4; lastKnownFileType = sourcecode.c.h; path = GDataXMLNode.h; sourceTree = "<group>"; };
		16DAD2031D23A85200D67058 /* GDataXMLNode.m */ = {isa = PBXFileReference; fileEncoding = 4; lastKnownFileType = sourcecode.c.objc; path = GDataXMLNode.m; sourceTree = "<group>"; };
		16DAD2071D23A8F200D67058 /* CoreTelephony.framework */ = {isa = PBXFileReference; lastKnownFileType = wrapper.framework; name = CoreTelephony.framework; path = System/Library/Frameworks/CoreTelephony.framework; sourceTree = SDKROOT; };
		16DAD2081D23A8F200D67058 /* CoreText.framework */ = {isa = PBXFileReference; lastKnownFileType = wrapper.framework; name = CoreText.framework; path = System/Library/Frameworks/CoreText.framework; sourceTree = SDKROOT; };
		16DAD20B1D23A90900D67058 /* Security.framework */ = {isa = PBXFileReference; lastKnownFileType = wrapper.framework; name = Security.framework; path = System/Library/Frameworks/Security.framework; sourceTree = SDKROOT; };
		16DAD20D1D23A91000D67058 /* CFNetwork.framework */ = {isa = PBXFileReference; lastKnownFileType = wrapper.framework; name = CFNetwork.framework; path = System/Library/Frameworks/CFNetwork.framework; sourceTree = SDKROOT; };
		16DAD20F1D23A91900D67058 /* AVFoundation.framework */ = {isa = PBXFileReference; lastKnownFileType = wrapper.framework; name = AVFoundation.framework; path = System/Library/Frameworks/AVFoundation.framework; sourceTree = SDKROOT; };
		16DAD2111D23A97700D67058 /* FlippednseHeader.h */ = {isa = PBXFileReference; fileEncoding = 4; lastKnownFileType = sourcecode.c.h; path = FlippednseHeader.h; sourceTree = "<group>"; };
		BE3F3BCD74FAFC52EEF9AA56 /* Pods-FlippednseSDK.release.xcconfig */ = {isa = PBXFileReference; includeInIndex = 1; lastKnownFileType = text.xcconfig; name = "Pods-FlippednseSDK.release.xcconfig"; path = "Pods/Target Support Files/Pods-FlippednseSDK/Pods-FlippednseSDK.release.xcconfig"; sourceTree = "<group>"; };
		BFCDC162E4284D2BD31134E2 /* Pods-FlippednseSDK.debug.xcconfig */ = {isa = PBXFileReference; includeInIndex = 1; lastKnownFileType = text.xcconfig; name = "Pods-FlippednseSDK.debug.xcconfig"; path = "Pods/Target Support Files/Pods-FlippednseSDK/Pods-FlippednseSDK.debug.xcconfig"; sourceTree = "<group>"; };
/* End PBXFileReference section */

/* Begin PBXFrameworksBuildPhase section */
		166EC4861D20C45700F7F31A /* Frameworks */ = {
			isa = PBXFrameworksBuildPhase;
			buildActionMask = 2147483647;
			files = (
				166672E91D24F9C6005431BF /* QuartzCore.framework in Frameworks */,
				16DAD2101D23A91900D67058 /* AVFoundation.framework in Frameworks */,
				16DAD20E1D23A91000D67058 /* CFNetwork.framework in Frameworks */,
				16DAD20C1D23A90900D67058 /* Security.framework in Frameworks */,
				16DAD2091D23A8F200D67058 /* CoreTelephony.framework in Frameworks */,
				16DAD20A1D23A8F200D67058 /* CoreText.framework in Frameworks */,
				16DAD19D1D2266C200D67058 /* CoreGraphics.framework in Frameworks */,
			);
			runOnlyForDeploymentPostprocessing = 0;
		};
/* End PBXFrameworksBuildPhase section */

/* Begin PBXGroup section */
		1666728F1D23CB17005431BF /* Network */ = {
			isa = PBXGroup;
			children = (
				166672921D23CB17005431BF /* NetworkService+Books.h */,
				166672931D23CB17005431BF /* NetworkService+Books.m */,
				166672981D23CB17005431BF /* NetworkService.h */,
				166672991D23CB17005431BF /* NetworkService.m */,
				1666729A1D23CB17005431BF /* NetWorkServiceOfDownload.h */,
				1666729B1D23CB17005431BF /* NetWorkServiceOfDownload.m */,
			);
			path = Network;
			sourceTree = "<group>";
		};
		166EC4801D20C45700F7F31A = {
			isa = PBXGroup;
			children = (
				166EC48B1D20C45700F7F31A /* FlippednseSDK */,
				166EC48A1D20C45700F7F31A /* Products */,
				A81E6B79915BE96CC6EB32C3 /* Pods */,
				855C30EFF0311C396B7AEC27 /* Frameworks */,
			);
			sourceTree = "<group>";
		};
		166EC48A1D20C45700F7F31A /* Products */ = {
			isa = PBXGroup;
			children = (
				166EC4891D20C45700F7F31A /* libFlippednseSDK.a */,
			);
			name = Products;
			sourceTree = "<group>";
		};
		166EC48B1D20C45700F7F31A /* FlippednseSDK */ = {
			isa = PBXGroup;
			children = (
				1666728F1D23CB17005431BF /* Network */,
				16DAD19E1D2266F000D67058 /* Lib */,
				166EC5671D21083100F7F31A /* Model */,
				166EC5381D21081600F7F31A /* Category */,
				166EC4EC1D2107F000F7F31A /* Util */,
				166EC4AE1D2107B200F7F31A /* BookStudy */,
				166EC49E1D21078300F7F31A /* DB */,
				166EC4951D21076500F7F31A /* Config */,
				166EC48C1D20C45700F7F31A /* FlippednseSDK.h */,
				166EC48E1D20C45700F7F31A /* FlippednseSDK.m */,
				166EC5831D210CE000F7F31A /* BaseViewController.h */,
				166EC5841D210CE000F7F31A /* BaseViewController.m */,
				16DAD2111D23A97700D67058 /* FlippednseHeader.h */,
				16761B6D1D2F9BCD00C4E69B /* BaseView.h */,
				16761B6E1D2F9BCD00C4E69B /* BaseView.m */,
			);
			path = FlippednseSDK;
			sourceTree = "<group>";
		};
		166EC4951D21076500F7F31A /* Config */ = {
			isa = PBXGroup;
			children = (
				166EC4961D21076500F7F31A /* ConfigGlobal.h */,
				166EC4971D21076500F7F31A /* ConfigGlobal.m */,
				166EC4981D21076500F7F31A /* ConfigNetwork.h */,
			);
			path = Config;
			sourceTree = "<group>";
		};
		166EC49E1D21078300F7F31A /* DB */ = {
			isa = PBXGroup;
			children = (
				166EC49F1D21078300F7F31A /* DatabaseManager.h */,
				166EC4A01D21078300F7F31A /* DatabaseManager.m */,
				166EC4A11D21078300F7F31A /* DBInit.h */,
				166EC4A21D21078300F7F31A /* DBInit.m */,
				166EC4A31D21078300F7F31A /* Model.h */,
				166EC4A41D21078300F7F31A /* Model.m */,
				166EC4A51D21078300F7F31A /* ModelClassProperty.h */,
				166EC4A61D21078300F7F31A /* ModelClassProperty.m */,
				166EC4A71D21078300F7F31A /* ModelMetadate.h */,
				166EC4A81D21078300F7F31A /* ModelMetadate.m */,
			);
			path = DB;
			sourceTree = "<group>";
		};
		166EC4AE1D2107B200F7F31A /* BookStudy */ = {
			isa = PBXGroup;
			children = (
				166EC4AF1D2107B200F7F31A /* ViewControllers */,
				166EC4B41D2107B200F7F31A /* ViewModels */,
				166EC4B71D2107B200F7F31A /* Views */,
			);
			path = BookStudy;
			sourceTree = "<group>";
		};
		166EC4AF1D2107B200F7F31A /* ViewControllers */ = {
			isa = PBXGroup;
			children = (
				166EC4B21D2107B200F7F31A /* BookStudyController.h */,
				166EC4B31D2107B200F7F31A /* BookStudyController.m */,
			);
			path = ViewControllers;
			sourceTree = "<group>";
		};
		166EC4B41D2107B200F7F31A /* ViewModels */ = {
			isa = PBXGroup;
			children = (
				166EC4B51D2107B200F7F31A /* BookStudyViewModel.h */,
				166EC4B61D2107B200F7F31A /* BookStudyViewModel.m */,
			);
			path = ViewModels;
			sourceTree = "<group>";
		};
		166EC4B71D2107B200F7F31A /* Views */ = {
			isa = PBXGroup;
			children = (
				166EC4B81D2107B200F7F31A /* BookStudyTabBarView.h */,
				166EC4B91D2107B200F7F31A /* BookStudyTabBarView.m */,
				166EC4BA1D2107B200F7F31A /* BookStudyView.h */,
				166EC4BB1D2107B200F7F31A /* BookStudyView.m */,
				166EC4BC1D2107B200F7F31A /* ImageBrowerView.h */,
				166EC4BD1D2107B200F7F31A /* ImageBrowerView.m */,
				166EC4BE1D2107B200F7F31A /* ImageShowView.h */,
				166EC4BF1D2107B200F7F31A /* ImageShowView.m */,
				166EC4C01D2107B200F7F31A /* LayerView */,
				166EC4CD1D2107B200F7F31A /* PopDownloadProgressView.h */,
				166EC4CE1D2107B200F7F31A /* PopDownloadProgressView.m */,
				166EC4CF1D2107B200F7F31A /* PopGramarView.h */,
				166EC4D01D2107B200F7F31A /* PopGramarView.m */,
				166EC4D11D2107B200F7F31A /* PopTextView.h */,
				166EC4D21D2107B200F7F31A /* PopTextView.m */,
				166EC4D31D2107B200F7F31A /* PopTranslateAndGramarView.h */,
				166EC4D41D2107B200F7F31A /* PopTranslateAndGramarView.m */,
				166EC4D51D2107B200F7F31A /* PopWordView.h */,
				166EC4D61D2107B200F7F31A /* PopWordView.m */,
				166EC4D71D2107B200F7F31A /* SelectModuleView.h */,
				166EC4D81D2107B200F7F31A /* SelectModuleView.m */,
			);
			path = Views;
			sourceTree = "<group>";
		};
		166EC4C01D2107B200F7F31A /* LayerView */ = {
			isa = PBXGroup;
			children = (
				166EC4C11D2107B200F7F31A /* LanguageLayer.h */,
				166EC4C21D2107B200F7F31A /* LanguageLayer.m */,
				166EC4C31D2107B200F7F31A /* ListenLayer.h */,
				166EC4C41D2107B200F7F31A /* ListenLayer.m */,
				166EC4C51D2107B200F7F31A /* ListenLayerView.h */,
				166EC4C61D2107B200F7F31A /* ListenLayerView.m */,
				166EC4C71D2107B200F7F31A /* MenuLayer.h */,
				166EC4C81D2107B200F7F31A /* MenuLayer.m */,
				166EC4C91D2107B200F7F31A /* TranslateLayer.h */,
				166EC4CA1D2107B200F7F31A /* TranslateLayer.m */,
				166EC4CB1D2107B200F7F31A /* WordLayer.h */,
				166EC4CC1D2107B200F7F31A /* WordLayer.m */,
			);
			path = LayerView;
			sourceTree = "<group>";
		};
		166EC4EC1D2107F000F7F31A /* Util */ = {
			isa = PBXGroup;
			children = (
				166EC4ED1D2107F000F7F31A /* Method */,
				166EC5011D2107F000F7F31A /* UI */,
			);
			path = Util;
			sourceTree = "<group>";
		};
		166EC4ED1D2107F000F7F31A /* Method */ = {
			isa = PBXGroup;
			children = (
				166EC4EE1D2107F000F7F31A /* AppStartManager.h */,
				166EC4EF1D2107F000F7F31A /* AppStartManager.m */,
				166EC4F01D2107F000F7F31A /* EncryptUtil.h */,
				166EC4F11D2107F000F7F31A /* EncryptUtil.m */,
				166EC4F21D2107F000F7F31A /* GTMBase64.h */,
				166EC4F31D2107F000F7F31A /* GTMBase64.m */,
				166EC4F41D2107F000F7F31A /* GTMDefines.h */,
				166EC4F51D2107F000F7F31A /* PlayerUtil.h */,
				166EC4F61D2107F000F7F31A /* PlayerUtil.m */,
				166EC4F71D2107F000F7F31A /* ResourceDataUtil+Delete.h */,
				166EC4F81D2107F000F7F31A /* ResourceDataUtil+Delete.m */,
				166EC4F91D2107F000F7F31A /* ResourceDataUtil.h */,
				166EC4FA1D2107F000F7F31A /* ResourceDataUtil.m */,
				166EC4FB1D2107F000F7F31A /* UtilBooksOnLocal.h */,
				166EC4FC1D2107F000F7F31A /* UtilBooksOnLocal.m */,
				166EC4FD1D2107F000F7F31A /* UtilMethod.h */,
				166EC4FE1D2107F000F7F31A /* UtilMethod.m */,
				166EC4FF1D2107F000F7F31A /* UtilsBook.h */,
				166EC5001D2107F000F7F31A /* UtilsBook.m */,
			);
			path = Method;
			sourceTree = "<group>";
		};
		166EC5011D2107F000F7F31A /* UI */ = {
			isa = PBXGroup;
			children = (
				1666728C1D23B083005431BF /* MyVerticalLable.h */,
				1666728D1D23B083005431BF /* MyVerticalLable.m */,
				166EC5861D21116C00F7F31A /* MBProgress */,
				166EC5021D2107F000F7F31A /* AudioPlayerView.h */,
				166EC5031D2107F000F7F31A /* AudioPlayerView.m */,
				166EC5041D2107F000F7F31A /* DropDownList */,
				166EC5091D2107F000F7F31A /* KxMenu.h */,
				166EC50A1D2107F000F7F31A /* KxMenu.m */,
				166EC50B1D2107F000F7F31A /* Pop */,
				166EC5201D2107F000F7F31A /* UICustomLineLabel.h */,
				166EC5211D2107F000F7F31A /* UICustomLineLabel.m */,
			);
			path = UI;
			sourceTree = "<group>";
		};
		166EC5041D2107F000F7F31A /* DropDownList */ = {
			isa = PBXGroup;
			children = (
				166EC5051D2107F000F7F31A /* down_dark.png */,
				166EC5061D2107F000F7F31A /* DropDownChooseProtocol.h */,
				166EC5071D2107F000F7F31A /* DropDownListView.h */,
				166EC5081D2107F000F7F31A /* DropDownListView.m */,
			);
			path = DropDownList;
			sourceTree = "<group>";
		};
		166EC50B1D2107F000F7F31A /* Pop */ = {
			isa = PBXGroup;
			children = (
				166EC50C1D2107F000F7F31A /* PopOfSelectBookDownloadView.h */,
				166EC50D1D2107F000F7F31A /* PopOfSelectBookDownloadView.m */,
				166EC50E1D2107F000F7F31A /* UIPopoverListView.h */,
				166EC50F1D2107F000F7F31A /* UIPopoverListView.m */,
			);
			path = Pop;
			sourceTree = "<group>";
		};
		166EC5381D21081600F7F31A /* Category */ = {
			isa = PBXGroup;
			children = (
				166EC5391D21081600F7F31A /* DirectoryUtil.h */,
				166EC53A1D21081600F7F31A /* DirectoryUtil.m */,
				166EC53B1D21081600F7F31A /* NSData+AES.h */,
				166EC53C1D21081600F7F31A /* NSData+AES.m */,
				166EC53D1D21081600F7F31A /* NSDate+Category.h */,
				166EC53E1D21081600F7F31A /* NSDate+Category.m */,
				166EC53F1D21081600F7F31A /* NSDateFormatter+Category.h */,
				166EC5401D21081600F7F31A /* NSDateFormatter+Category.m */,
				166EC5411D21081600F7F31A /* NSDictionary+safeObjectForKeyValue.h */,
				166EC5421D21081600F7F31A /* NSDictionary+safeObjectForKeyValue.m */,
				166EC5431D21081600F7F31A /* NSString+AES.h */,
				166EC5441D21081600F7F31A /* NSString+AES.m */,
				166EC5451D21081600F7F31A /* NSString+Valid.h */,
				166EC5461D21081600F7F31A /* NSString+Valid.m */,
				166EC54A1D21081600F7F31A /* UIAlertView+Blocks.h */,
				166EC54B1D21081600F7F31A /* UIAlertView+Blocks.m */,
				166EC54C1D21081600F7F31A /* UICategory.h */,
				166EC54D1D21081600F7F31A /* UICategory.m */,
				166EC54E1D21081600F7F31A /* UIColor+Hex.h */,
				166EC54F1D21081600F7F31A /* UIColor+Hex.m */,
				166EC5501D21081600F7F31A /* UIImage+Scale.h */,
				166EC5511D21081600F7F31A /* UIImage+Scale.m */,
				166EC5521D21081600F7F31A /* UIResponder+Router.h */,
				166EC5531D21081600F7F31A /* UIResponder+Router.m */,
				166EC5541D21081600F7F31A /* UIViewController+DismissKeyboard.h */,
				166EC5551D21081600F7F31A /* UIViewController+DismissKeyboard.m */,
				166EC5561D21081600F7F31A /* UIViewExt.h */,
				166EC5571D21081600F7F31A /* UIViewExt.m */,
			);
			path = Category;
			sourceTree = "<group>";
		};
		166EC5671D21083100F7F31A /* Model */ = {
			isa = PBXGroup;
			children = (
				166EC5681D21083100F7F31A /* ModelBookInfo.h */,
				166EC5691D21083100F7F31A /* ModelBookInfo.m */,
				166EC56A1D21083100F7F31A /* ModelBookStore.h */,
				166EC56B1D21083100F7F31A /* ModelBookStore.m */,
				166EC56C1D21083100F7F31A /* ModelClickRead.h */,
				166EC56D1D21083100F7F31A /* ModelClickRead.m */,
				166EC56E1D21083100F7F31A /* ModelContentMenus.h */,
				166EC56F1D21083100F7F31A /* ModelContentMenus.m */,
				166EC5701D21083100F7F31A /* ModelOrder.h */,
				166EC5711D21083100F7F31A /* ModelOrder.m */,
				166EC5721D21083100F7F31A /* ModelSchool.h */,
				166EC5731D21083100F7F31A /* ModelSchool.m */,
				166EC5761D21083100F7F31A /* ModelUser.h */,
				166EC5771D21083100F7F31A /* ModelUser.m */,
				166EC5781D21083100F7F31A /* ModelWordNode.h */,
				166EC5791D21083100F7F31A /* ModelWordNode.m */,
			);
			path = Model;
			sourceTree = "<group>";
		};
		166EC5861D21116C00F7F31A /* MBProgress */ = {
			isa = PBXGroup;
			children = (
				166EC5871D21116C00F7F31A /* MBProgressHUD.h */,
				166EC5881D21116C00F7F31A /* MBProgressHUD.m */,
			);
			path = MBProgress;
			sourceTree = "<group>";
		};
		16DAD19E1D2266F000D67058 /* Lib */ = {
			isa = PBXGroup;
			children = (
				166672E81D24F9C6005431BF /* QuartzCore.framework */,
				16DAD20F1D23A91900D67058 /* AVFoundation.framework */,
				16DAD20D1D23A91000D67058 /* CFNetwork.framework */,
				16DAD20B1D23A90900D67058 /* Security.framework */,
				16DAD2071D23A8F200D67058 /* CoreTelephony.framework */,
				16DAD2081D23A8F200D67058 /* CoreText.framework */,
				16DAD2011D23A85200D67058 /* GDataXMLNode */,
				16DAD19C1D2266C200D67058 /* CoreGraphics.framework */,
			);
			path = Lib;
			sourceTree = "<group>";
		};
		16DAD2011D23A85200D67058 /* GDataXMLNode */ = {
			isa = PBXGroup;
			children = (
				16DAD2021D23A85200D67058 /* GDataXMLNode.h */,
				16DAD2031D23A85200D67058 /* GDataXMLNode.m */,
			);
			path = GDataXMLNode;
			sourceTree = "<group>";
		};
		855C30EFF0311C396B7AEC27 /* Frameworks */ = {
			isa = PBXGroup;
			children = (
			);
			name = Frameworks;
			sourceTree = "<group>";
		};
		A81E6B79915BE96CC6EB32C3 /* Pods */ = {
			isa = PBXGroup;
			children = (
				BFCDC162E4284D2BD31134E2 /* Pods-FlippednseSDK.debug.xcconfig */,
				BE3F3BCD74FAFC52EEF9AA56 /* Pods-FlippednseSDK.release.xcconfig */,
			);
			name = Pods;
			sourceTree = "<group>";
		};
/* End PBXGroup section */

/* Begin PBXNativeTarget section */
		166EC4881D20C45700F7F31A /* FlippednseSDK */ = {
			isa = PBXNativeTarget;
			buildConfigurationList = 166EC4921D20C45700F7F31A /* Build configuration list for PBXNativeTarget "FlippednseSDK" */;
			buildPhases = (
				6F8EAAF3CA96CDB1BE836153 /* [CP] Check Pods Manifest.lock */,
				166EC4851D20C45700F7F31A /* Sources */,
				166EC4861D20C45700F7F31A /* Frameworks */,
				166EC4871D20C45700F7F31A /* CopyFiles */,
				1C64B15A331047D1CD8ABA5C /* [CP] Copy Pods Resources */,
			);
			buildRules = (
			);
			dependencies = (
			);
			name = FlippednseSDK;
			productName = FlippednseSDK;
			productReference = 166EC4891D20C45700F7F31A /* libFlippednseSDK.a */;
			productType = "com.apple.product-type.library.static";
		};
/* End PBXNativeTarget section */

/* Begin PBXProject section */
		166EC4811D20C45700F7F31A /* Project object */ = {
			isa = PBXProject;
			attributes = {
				LastUpgradeCheck = 0720;
				ORGANIZATIONNAME = JacobLi;
				TargetAttributes = {
					166EC4881D20C45700F7F31A = {
						CreatedOnToolsVersion = 7.2.1;
					};
				};
			};
			buildConfigurationList = 166EC4841D20C45700F7F31A /* Build configuration list for PBXProject "FlippednseSDK" */;
			compatibilityVersion = "Xcode 3.2";
			developmentRegion = English;
			hasScannedForEncodings = 0;
			knownRegions = (
				en,
			);
			mainGroup = 166EC4801D20C45700F7F31A;
			productRefGroup = 166EC48A1D20C45700F7F31A /* Products */;
			projectDirPath = "";
			projectRoot = "";
			targets = (
				166EC4881D20C45700F7F31A /* FlippednseSDK */,
			);
		};
/* End PBXProject section */

/* Begin PBXShellScriptBuildPhase section */
		1C64B15A331047D1CD8ABA5C /* [CP] Copy Pods Resources */ = {
			isa = PBXShellScriptBuildPhase;
			buildActionMask = 2147483647;
			files = (
			);
			inputPaths = (
			);
			name = "[CP] Copy Pods Resources";
			outputPaths = (
			);
			runOnlyForDeploymentPostprocessing = 0;
			shellPath = /bin/sh;
			shellScript = "\"${SRCROOT}/Pods/Target Support Files/Pods-FlippednseSDK/Pods-FlippednseSDK-resources.sh\"\n";
			showEnvVarsInLog = 0;
		};
		6F8EAAF3CA96CDB1BE836153 /* [CP] Check Pods Manifest.lock */ = {
			isa = PBXShellScriptBuildPhase;
			buildActionMask = 2147483647;
			files = (
			);
			inputPaths = (
			);
			name = "[CP] Check Pods Manifest.lock";
			outputPaths = (
			);
			runOnlyForDeploymentPostprocessing = 0;
			shellPath = /bin/sh;
			shellScript = "diff \"${PODS_ROOT}/../Podfile.lock\" \"${PODS_ROOT}/Manifest.lock\" > /dev/null\nif [[ $? != 0 ]] ; then\n    cat << EOM\nerror: The sandbox is not in sync with the Podfile.lock. Run 'pod install' or update your CocoaPods installation.\nEOM\n    exit 1\nfi\n";
			showEnvVarsInLog = 0;
		};
/* End PBXShellScriptBuildPhase section */

/* Begin PBXSourcesBuildPhase section */
		166EC4851D20C45700F7F31A /* Sources */ = {
			isa = PBXSourcesBuildPhase;
			buildActionMask = 2147483647;
			files = (
				166EC57C1D21083100F7F31A /* ModelClickRead.m in Sources */,
				166EC5591D21081600F7F31A /* NSData+AES.m in Sources */,
				166EC4AD1D21078300F7F31A /* ModelMetadate.m in Sources */,
				166EC5641D21081600F7F31A /* UIResponder+Router.m in Sources */,
				166EC4AC1D21078300F7F31A /* ModelClassProperty.m in Sources */,
				166EC4A91D21078300F7F31A /* DatabaseManager.m in Sources */,
				166EC49C1D21076500F7F31A /* ConfigGlobal.m in Sources */,
				166EC5261D2107F000F7F31A /* ResourceDataUtil+Delete.m in Sources */,
				166EC4DA1D2107B200F7F31A /* BookStudyController.m in Sources */,
				166EC55D1D21081600F7F31A /* NSString+AES.m in Sources */,
				166EC4E61D2107B200F7F31A /* PopDownloadProgressView.m in Sources */,
				166EC5221D2107F000F7F31A /* AppStartManager.m in Sources */,
				166EC4DB1D2107B200F7F31A /* BookStudyViewModel.m in Sources */,
				166EC5821D21083100F7F31A /* ModelWordNode.m in Sources */,
				166EC5651D21081600F7F31A /* UIViewController+DismissKeyboard.m in Sources */,
				166EC52C1D2107F000F7F31A /* DropDownListView.m in Sources */,
				166EC5601D21081600F7F31A /* UIAlertView+Blocks.m in Sources */,
				166EC4E81D2107B200F7F31A /* PopTextView.m in Sources */,
				166EC48F1D20C45700F7F31A /* FlippednseSDK.m in Sources */,
				166EC5251D2107F000F7F31A /* PlayerUtil.m in Sources */,
				1666728E1D23B083005431BF /* MyVerticalLable.m in Sources */,
				166EC4E71D2107B200F7F31A /* PopGramarView.m in Sources */,
				166EC5271D2107F000F7F31A /* ResourceDataUtil.m in Sources */,
				166EC52B1D2107F000F7F31A /* AudioPlayerView.m in Sources */,
				166EC57B1D21083100F7F31A /* ModelBookStore.m in Sources */,
				166EC52A1D2107F000F7F31A /* UtilsBook.m in Sources */,
				166EC55A1D21081600F7F31A /* NSDate+Category.m in Sources */,
				166EC4E21D2107B200F7F31A /* ListenLayerView.m in Sources */,
				166EC4AB1D21078300F7F31A /* Model.m in Sources */,
				166EC4DF1D2107B200F7F31A /* ImageShowView.m in Sources */,
				16DAD2041D23A85200D67058 /* GDataXMLNode.m in Sources */,
				166EC4EB1D2107B200F7F31A /* SelectModuleView.m in Sources */,
				166EC55B1D21081600F7F31A /* NSDateFormatter+Category.m in Sources */,
				166EC5231D2107F000F7F31A /* EncryptUtil.m in Sources */,
				166EC5581D21081600F7F31A /* DirectoryUtil.m in Sources */,
				166EC4E11D2107B200F7F31A /* ListenLayer.m in Sources */,
				166EC52D1D2107F000F7F31A /* KxMenu.m in Sources */,
				166EC5291D2107F000F7F31A /* UtilMethod.m in Sources */,
				166EC4E51D2107B200F7F31A /* WordLayer.m in Sources */,
				16761B6F1D2F9BCD00C4E69B /* BaseView.m in Sources */,
				166EC5241D2107F000F7F31A /* GTMBase64.m in Sources */,
				166EC5371D2107F000F7F31A /* UICustomLineLabel.m in Sources */,
				166EC4E31D2107B200F7F31A /* MenuLayer.m in Sources */,
				166EC4E41D2107B200F7F31A /* TranslateLayer.m in Sources */,
				166EC52F1D2107F000F7F31A /* UIPopoverListView.m in Sources */,
				166EC5851D210CE000F7F31A /* BaseViewController.m in Sources */,
				166EC57D1D21083100F7F31A /* ModelContentMenus.m in Sources */,
				166EC4E01D2107B200F7F31A /* LanguageLayer.m in Sources */,
				1666729D1D23CB17005431BF /* NetworkService+Books.m in Sources */,
				166EC5611D21081600F7F31A /* UICategory.m in Sources */,
				166EC4EA1D2107B200F7F31A /* PopWordView.m in Sources */,
				166EC4AA1D21078300F7F31A /* DBInit.m in Sources */,
				166EC5631D21081600F7F31A /* UIImage+Scale.m in Sources */,
				166EC57F1D21083100F7F31A /* ModelSchool.m in Sources */,
				166EC57E1D21083100F7F31A /* ModelOrder.m in Sources */,
				166EC5661D21081600F7F31A /* UIViewExt.m in Sources */,
				166EC57A1D21083100F7F31A /* ModelBookInfo.m in Sources */,
				166EC4DE1D2107B200F7F31A /* ImageBrowerView.m in Sources */,
				166672A01D23CB17005431BF /* NetworkService.m in Sources */,
				166EC4DD1D2107B200F7F31A /* BookStudyView.m in Sources */,
				166672A11D23CB17005431BF /* NetWorkServiceOfDownload.m in Sources */,
				166EC4DC1D2107B200F7F31A /* BookStudyTabBarView.m in Sources */,
				166EC5281D2107F000F7F31A /* UtilBooksOnLocal.m in Sources */,
				166EC5811D21083100F7F31A /* ModelUser.m in Sources */,
				166EC55E1D21081600F7F31A /* NSString+Valid.m in Sources */,
				166EC4E91D2107B200F7F31A /* PopTranslateAndGramarView.m in Sources */,
				166EC55C1D21081600F7F31A /* NSDictionary+safeObjectForKeyValue.m in Sources */,
				166EC52E1D2107F000F7F31A /* PopOfSelectBookDownloadView.m in Sources */,
				166EC5891D21116C00F7F31A /* MBProgressHUD.m in Sources */,
				166EC5621D21081600F7F31A /* UIColor+Hex.m in Sources */,
			);
			runOnlyForDeploymentPostprocessing = 0;
		};
/* End PBXSourcesBuildPhase section */

/* Begin XCBuildConfiguration section */
		166EC4901D20C45700F7F31A /* Debug */ = {
			isa = XCBuildConfiguration;
			buildSettings = {
				ALWAYS_SEARCH_USER_PATHS = NO;
				CLANG_CXX_LANGUAGE_STANDARD = "gnu++0x";
				CLANG_CXX_LIBRARY = "libc++";
				CLANG_ENABLE_MODULES = YES;
				CLANG_ENABLE_OBJC_ARC = YES;
				CLANG_WARN_BOOL_CONVERSION = YES;
				CLANG_WARN_CONSTANT_CONVERSION = YES;
				CLANG_WARN_DIRECT_OBJC_ISA_USAGE = YES_ERROR;
				CLANG_WARN_EMPTY_BODY = YES;
				CLANG_WARN_ENUM_CONVERSION = YES;
				CLANG_WARN_INT_CONVERSION = YES;
				CLANG_WARN_OBJC_ROOT_CLASS = YES_ERROR;
				CLANG_WARN_UNREACHABLE_CODE = YES;
				CLANG_WARN__DUPLICATE_METHOD_MATCH = YES;
				"CODE_SIGN_IDENTITY[sdk=iphoneos*]" = "iPhone Developer";
				COPY_PHASE_STRIP = NO;
				DEBUG_INFORMATION_FORMAT = dwarf;
				ENABLE_STRICT_OBJC_MSGSEND = YES;
				ENABLE_TESTABILITY = YES;
				GCC_C_LANGUAGE_STANDARD = gnu99;
				GCC_DYNAMIC_NO_PIC = NO;
				GCC_NO_COMMON_BLOCKS = YES;
				GCC_OPTIMIZATION_LEVEL = 0;
				GCC_PREPROCESSOR_DEFINITIONS = (
					"DEBUG=1",
					"$(inherited)",
				);
				GCC_WARN_64_TO_32_BIT_CONVERSION = YES;
				GCC_WARN_ABOUT_RETURN_TYPE = YES_ERROR;
				GCC_WARN_UNDECLARED_SELECTOR = YES;
				GCC_WARN_UNINITIALIZED_AUTOS = YES_AGGRESSIVE;
				GCC_WARN_UNUSED_FUNCTION = YES;
				GCC_WARN_UNUSED_VARIABLE = YES;
				IPHONEOS_DEPLOYMENT_TARGET = 7.0;
				MTL_ENABLE_DEBUG_INFO = YES;
				ONLY_ACTIVE_ARCH = YES;
				SDKROOT = iphoneos;
			};
			name = Debug;
		};
		166EC4911D20C45700F7F31A /* Release */ = {
			isa = XCBuildConfiguration;
			buildSettings = {
				ALWAYS_SEARCH_USER_PATHS = NO;
				CLANG_CXX_LANGUAGE_STANDARD = "gnu++0x";
				CLANG_CXX_LIBRARY = "libc++";
				CLANG_ENABLE_MODULES = YES;
				CLANG_ENABLE_OBJC_ARC = YES;
				CLANG_WARN_BOOL_CONVERSION = YES;
				CLANG_WARN_CONSTANT_CONVERSION = YES;
				CLANG_WARN_DIRECT_OBJC_ISA_USAGE = YES_ERROR;
				CLANG_WARN_EMPTY_BODY = YES;
				CLANG_WARN_ENUM_CONVERSION = YES;
				CLANG_WARN_INT_CONVERSION = YES;
				CLANG_WARN_OBJC_ROOT_CLASS = YES_ERROR;
				CLANG_WARN_UNREACHABLE_CODE = YES;
				CLANG_WARN__DUPLICATE_METHOD_MATCH = YES;
				"CODE_SIGN_IDENTITY[sdk=iphoneos*]" = "iPhone Developer";
				COPY_PHASE_STRIP = NO;
				DEBUG_INFORMATION_FORMAT = "dwarf-with-dsym";
				ENABLE_NS_ASSERTIONS = NO;
				ENABLE_STRICT_OBJC_MSGSEND = YES;
				GCC_C_LANGUAGE_STANDARD = gnu99;
				GCC_NO_COMMON_BLOCKS = YES;
				GCC_WARN_64_TO_32_BIT_CONVERSION = YES;
				GCC_WARN_ABOUT_RETURN_TYPE = YES_ERROR;
				GCC_WARN_UNDECLARED_SELECTOR = YES;
				GCC_WARN_UNINITIALIZED_AUTOS = YES_AGGRESSIVE;
				GCC_WARN_UNUSED_FUNCTION = YES;
				GCC_WARN_UNUSED_VARIABLE = YES;
				IPHONEOS_DEPLOYMENT_TARGET = 7.0;
				MTL_ENABLE_DEBUG_INFO = NO;
				SDKROOT = iphoneos;
				VALIDATE_PRODUCT = YES;
			};
			name = Release;
		};
		166EC4931D20C45700F7F31A /* Debug */ = {
			isa = XCBuildConfiguration;
			baseConfigurationReference = BFCDC162E4284D2BD31134E2 /* Pods-FlippednseSDK.debug.xcconfig */;
			buildSettings = {
				CLANG_CXX_LANGUAGE_STANDARD = "compiler-default";
				CLANG_CXX_LIBRARY = "compiler-default";
				ENABLE_STRICT_OBJC_MSGSEND = NO;
				FRAMEWORK_SEARCH_PATHS = (
					"$(inherited)",
					"$(PROJECT_DIR)/FlippednseSDK/lib",
				);
				GCC_PREFIX_HEADER = "";
				HEADER_SEARCH_PATHS = (
					"$(inherited)",
					/usr/include/libxml2,
				);
				LIBRARY_SEARCH_PATHS = (
					"$(inherited)",
					"$(PROJECT_DIR)/FlippednseSDK/Lib",
				);
				ONLY_ACTIVE_ARCH = NO;
				OTHER_LDFLAGS = "-ObjC";
				PRODUCT_NAME = "$(TARGET_NAME)";
				SKIP_INSTALL = YES;
			};
			name = Debug;
		};
		166EC4941D20C45700F7F31A /* Release */ = {
			isa = XCBuildConfiguration;
			baseConfigurationReference = BE3F3BCD74FAFC52EEF9AA56 /* Pods-FlippednseSDK.release.xcconfig */;
			buildSettings = {
				CLANG_CXX_LANGUAGE_STANDARD = "compiler-default";
				CLANG_CXX_LIBRARY = "compiler-default";
				ENABLE_STRICT_OBJC_MSGSEND = NO;
				FRAMEWORK_SEARCH_PATHS = (
					"$(inherited)",
					"$(PROJECT_DIR)/FlippednseSDK/lib",
				);
				GCC_PREFIX_HEADER = "";
				HEADER_SEARCH_PATHS = (
					"$(inherited)",
					/usr/include/libxml2,
				);
				LIBRARY_SEARCH_PATHS = (
					"$(inherited)",
					"$(PROJECT_DIR)/FlippednseSDK/Lib",
				);
				ONLY_ACTIVE_ARCH = YES;
				OTHER_LDFLAGS = "-ObjC";
				PRODUCT_NAME = "$(TARGET_NAME)";
				SKIP_INSTALL = YES;
			};
			name = Release;
		};
/* End XCBuildConfiguration section */

/* Begin XCConfigurationList section */
		166EC4841D20C45700F7F31A /* Build configuration list for PBXProject "FlippednseSDK" */ = {
			isa = XCConfigurationList;
			buildConfigurations = (
				166EC4901D20C45700F7F31A /* Debug */,
				166EC4911D20C45700F7F31A /* Release */,
			);
			defaultConfigurationIsVisible = 0;
			defaultConfigurationName = Release;
		};
		166EC4921D20C45700F7F31A /* Build configuration list for PBXNativeTarget "FlippednseSDK" */ = {
			isa = XCConfigurationList;
			buildConfigurations = (
				166EC4931D20C45700F7F31A /* Debug */,
				166EC4941D20C45700F7F31A /* Release */,
			);
			defaultConfigurationIsVisible = 0;
			defaultConfigurationName = Release;
		};
/* End XCConfigurationList section */
	};
	rootObject = 166EC4811D20C45700F7F31A /* Project object */;
}
